
Microsoft Visual Studio Solution File, Format Version 12.00
# Visual Studio Version 17
VisualStudioVersion = 17.13.35913.81 d17.13
MinimumVisualStudioVersion = 10.0.40219.1
Project("{FAE04EC0-301F-11D3-BF4B-00C04F79EFBC}") = "TP1-ORM-Ramirez_Camila", "TP1-ORM-Ramirez_Camila\TP1-ORM-Ramirez_Camila.csproj", "{501488A2-245C-4CDA-9AE2-ADFF816C21B4}"
EndProject
Project("{FAE04EC0-301F-11D3-BF4B-00C04F79EFBC}") = "Application", "Aplicacion\Application.csproj", "{9251A846-1F72-43D3-975C-0F3A67764372}"
EndProject
Project("{FAE04EC0-301F-11D3-BF4B-00C04F79EFBC}") = "Domain", "Dominio\Domain.csproj", "{18114BDE-72AF-456B-80A9-57BA15E39041}"
EndProject
Project("{FAE04EC0-301F-11D3-BF4B-00C04F79EFBC}") = "Infraestructura", "Infraestructura\Infraestructura.csproj", "{803A7AD8-8B8E-4FA9-B466-04E99275DAF0}"
EndProject
Global
	GlobalSection(SolutionConfigurationPlatforms) = preSolution
		Debug|Any CPU = Debug|Any CPU
		Release|Any CPU = Release|Any CPU
	EndGlobalSection
	GlobalSection(ProjectConfigurationPlatforms) = postSolution
		{501488A2-245C-4CDA-9AE2-ADFF816C21B4}.Debug|Any CPU.ActiveCfg = Debug|Any CPU
		{501488A2-245C-4CDA-9AE2-ADFF816C21B4}.Debug|Any CPU.Build.0 = Debug|Any CPU
		{501488A2-245C-4CDA-9AE2-ADFF816C21B4}.Release|Any CPU.ActiveCfg = Release|Any CPU
		{501488A2-245C-4CDA-9AE2-ADFF816C21B4}.Release|Any CPU.Build.0 = Release|Any CPU
		{9251A846-1F72-43D3-975C-0F3A67764372}.Debug|Any CPU.ActiveCfg = Debug|Any CPU
		{9251A846-1F72-43D3-975C-0F3A67764372}.Debug|Any CPU.Build.0 = Debug|Any CPU
		{9251A846-1F72-43D3-975C-0F3A67764372}.Release|Any CPU.ActiveCfg = Release|Any CPU
		{9251A846-1F72-43D3-975C-0F3A67764372}.Release|Any CPU.Build.0 = Release|Any CPU
		{18114BDE-72AF-456B-80A9-57BA15E39041}.Debug|Any CPU.ActiveCfg = Debug|Any CPU
		{18114BDE-72AF-456B-80A9-57BA15E39041}.Debug|Any CPU.Build.0 = Debug|Any CPU
		{18114BDE-72AF-456B-80A9-57BA15E39041}.Release|Any CPU.ActiveCfg = Release|Any CPU
		{18114BDE-72AF-456B-80A9-57BA15E39041}.Release|Any CPU.Build.0 = Release|Any CPU
		{803A7AD8-8B8E-4FA9-B466-04E99275DAF0}.Debug|Any CPU.ActiveCfg = Debug|Any CPU
		{803A7AD8-8B8E-4FA9-B466-04E99275DAF0}.Debug|Any CPU.Build.0 = Debug|Any CPU
		{803A7AD8-8B8E-4FA9-B466-04E99275DAF0}.Release|Any CPU.ActiveCfg = Release|Any CPU
		{803A7AD8-8B8E-4FA9-B466-04E99275DAF0}.Release|Any CPU.Build.0 = Release|Any CPU
	EndGlobalSection
	GlobalSection(SolutionProperties) = preSolution
		HideSolutionNode = FALSE
	EndGlobalSection
	GlobalSection(ExtensibilityGlobals) = postSolution
		SolutionGuid = {1AFCC24D-D77B-4C9A-A3BA-9960359E2F9D}
	EndGlobalSection
EndGlobal
